
Microsoft Visual Studio Solution File, Format Version 12.00
# Visual Studio Version 16
VisualStudioVersion = 16.0.30907.101
MinimumVisualStudioVersion = 10.0.40219.1
Project("{FAE04EC0-301F-11D3-BF4B-00C04F79EFBC}") = "Add_matrix", "..\Add_matrix\Add_matrix.csproj", "{D6FDCF79-059A-4AC5-9256-E249D7226A4D}"
EndProject
Project("{FAE04EC0-301F-11D3-BF4B-00C04F79EFBC}") = "Array_Scaler", "..\Array_Scaler\Array_Scaler.csproj", "{3B0943AC-1AE7-4AE9-8D51-65345050F5F8}"
EndProject
Project("{FAE04EC0-301F-11D3-BF4B-00C04F79EFBC}") = "BST", "..\BST\BST.csproj", "{D9342EA0-50E5-40B2-8EE2-BA758D1EDBD4}"
EndProject
Global
	GlobalSection(SolutionConfigurationPlatforms) = preSolution
		Debug|Any CPU = Debug|Any CPU
		Release|Any CPU = Release|Any CPU
	EndGlobalSection
	GlobalSection(ProjectConfigurationPlatforms) = postSolution
		{D6FDCF79-059A-4AC5-9256-E249D7226A4D}.Debug|Any CPU.ActiveCfg = Debug|Any CPU
		{D6FDCF79-059A-4AC5-9256-E249D7226A4D}.Debug|Any CPU.Build.0 = Debug|Any CPU
		{D6FDCF79-059A-4AC5-9256-E249D7226A4D}.Release|Any CPU.ActiveCfg = Release|Any CPU
		{D6FDCF79-059A-4AC5-9256-E249D7226A4D}.Release|Any CPU.Build.0 = Release|Any CPU
		{3B0943AC-1AE7-4AE9-8D51-65345050F5F8}.Debug|Any CPU.ActiveCfg = Debug|Any CPU
		{3B0943AC-1AE7-4AE9-8D51-65345050F5F8}.Debug|Any CPU.Build.0 = Debug|Any CPU
		{3B0943AC-1AE7-4AE9-8D51-65345050F5F8}.Release|Any CPU.ActiveCfg = Release|Any CPU
		{3B0943AC-1AE7-4AE9-8D51-65345050F5F8}.Release|Any CPU.Build.0 = Release|Any CPU
		{D9342EA0-50E5-40B2-8EE2-BA758D1EDBD4}.Debug|Any CPU.ActiveCfg = Debug|Any CPU
		{D9342EA0-50E5-40B2-8EE2-BA758D1EDBD4}.Debug|Any CPU.Build.0 = Debug|Any CPU
		{D9342EA0-50E5-40B2-8EE2-BA758D1EDBD4}.Release|Any CPU.ActiveCfg = Release|Any CPU
		{D9342EA0-50E5-40B2-8EE2-BA758D1EDBD4}.Release|Any CPU.Build.0 = Release|Any CPU
	EndGlobalSection
	GlobalSection(SolutionProperties) = preSolution
		HideSolutionNode = FALSE
	EndGlobalSection
	GlobalSection(ExtensibilityGlobals) = postSolution
		SolutionGuid = {ACC7FDD7-B317-4F2C-A6C5-4C52B5392CED}
	EndGlobalSection
EndGlobal
